
Microsoft Visual Studio Solution File, Format Version 12.00
# Visual Studio 15
VisualStudioVersion = 15.0.27004.2005
MinimumVisualStudioVersion = 10.0.40219.1
Project("{2150E333-8FDC-42A3-9474-1A3956D46DE8}") = "src", "src", "{66B2FA8F-5DE6-49F1-BB50-B56FBF5171B6}"
EndProject
Project("{9A19103F-16F7-4668-BE54-9A1E7A4F7556}") = "Sample.Core", "Sample.Core\Sample.Core.csproj", "{F7921F27-A0FE-49FE-91EB-4456F5A3074A}"
EndProject
Project("{2150E333-8FDC-42A3-9474-1A3956D46DE8}") = "tests", "tests", "{4C9A1230-B397-11E9-9478-F94E1167BC79}"
EndProject
Project("{2150E333-8FDC-42A3-9474-1A3956D46DE8}") = "unit", "unit", "{520120B0-B397-11E9-9478-F94E1167BC79}"
EndProject
Project("{FAE04EC0-301F-11D3-BF4B-00C04F79EFBC}") = "Sample.Core.Tests", "..\tests\unit\Sample.Core.Tests\Sample.Core.Tests.csproj", "{E73C9C93-211F-4BFA-932A-C9BC25E25D08}"
EndProject
Project("{2150E333-8FDC-42A3-9474-1A3956D46DE8}") = "samples", "samples", "{233B2100-44D2-11EA-BA9A-5301F26E42DE}"
EndProject
Project("{FAE04EC0-301F-11D3-BF4B-00C04F79EFBC}") = "Sample.Core.Cli", "..\samples\Sample.Core.Cli\Sample.Core.Cli.csproj", "{D80A5613-748F-4BE9-A89B-4551A19666A1}"
EndProject
Global
	GlobalSection(SolutionConfigurationPlatforms) = preSolution
		Debug|Any CPU = Debug|Any CPU
		Release|Any CPU = Release|Any CPU
	EndGlobalSection
	GlobalSection(ProjectConfigurationPlatforms) = postSolution
		{F7921F27-A0FE-49FE-91EB-4456F5A3074A}.Debug|Any CPU.ActiveCfg = Debug|Any CPU
		{F7921F27-A0FE-49FE-91EB-4456F5A3074A}.Debug|Any CPU.Build.0 = Debug|Any CPU
		{F7921F27-A0FE-49FE-91EB-4456F5A3074A}.Release|Any CPU.ActiveCfg = Release|Any CPU
		{F7921F27-A0FE-49FE-91EB-4456F5A3074A}.Release|Any CPU.Build.0 = Release|Any CPU
		{E73C9C93-211F-4BFA-932A-C9BC25E25D08}.Debug|Any CPU.ActiveCfg = Debug|Any CPU
		{E73C9C93-211F-4BFA-932A-C9BC25E25D08}.Debug|Any CPU.Build.0 = Debug|Any CPU
		{E73C9C93-211F-4BFA-932A-C9BC25E25D08}.Release|Any CPU.ActiveCfg = Release|Any CPU
		{E73C9C93-211F-4BFA-932A-C9BC25E25D08}.Release|Any CPU.Build.0 = Release|Any CPU
		{D80A5613-748F-4BE9-A89B-4551A19666A1}.Debug|Any CPU.ActiveCfg = Debug|Any CPU
		{D80A5613-748F-4BE9-A89B-4551A19666A1}.Debug|Any CPU.Build.0 = Debug|Any CPU
		{D80A5613-748F-4BE9-A89B-4551A19666A1}.Release|Any CPU.ActiveCfg = Release|Any CPU
		{D80A5613-748F-4BE9-A89B-4551A19666A1}.Release|Any CPU.Build.0 = Release|Any CPU
	EndGlobalSection
	GlobalSection(SolutionProperties) = preSolution
		HideSolutionNode = FALSE
	EndGlobalSection
	GlobalSection(NestedProjects) = preSolution
		{D80A5613-748F-4BE9-A89B-4551A19666A1} = {233B2100-44D2-11EA-BA9A-5301F26E42DE}
		{E73C9C93-211F-4BFA-932A-C9BC25E25D08} = {520120B0-B397-11E9-9478-F94E1167BC79}
		{520120B0-B397-11E9-9478-F94E1167BC79} = {4C9A1230-B397-11E9-9478-F94E1167BC79}
		{F7921F27-A0FE-49FE-91EB-4456F5A3074A} = {66B2FA8F-5DE6-49F1-BB50-B56FBF5171B6}
	EndGlobalSection
	GlobalSection(ExtensibilityGlobals) = postSolution
		SolutionGuid = {E83A9132-B33D-42B4-93F4-8A6EC803DD88}
	EndGlobalSection
EndGlobal
